// !$*UTF8*$!
{
	archiveVersion = 1;
	classes = {
	};
	objectVersion = 50;
	objects = {

/* Begin PBXBuildFile section */
		263DF0AD232C7F3E007635A4 /* AppDelegate.swift in Sources */ = {isa = PBXBuildFile; fileRef = 263DF0AC232C7F3E007635A4 /* AppDelegate.swift */; };
		263DF0AF232C7F3E007635A4 /* SceneDelegate.swift in Sources */ = {isa = PBXBuildFile; fileRef = 263DF0AE232C7F3E007635A4 /* SceneDelegate.swift */; };
		263DF0B1232C7F3E007635A4 /* ContentView.swift in Sources */ = {isa = PBXBuildFile; fileRef = 263DF0B0232C7F3E007635A4 /* ContentView.swift */; };
		263DF0B3232C7F41007635A4 /* Assets.xcassets in Resources */ = {isa = PBXBuildFile; fileRef = 263DF0B2232C7F41007635A4 /* Assets.xcassets */; };
		263DF0B6232C7F41007635A4 /* Preview Assets.xcassets in Resources */ = {isa = PBXBuildFile; fileRef = 263DF0B5232C7F41007635A4 /* Preview Assets.xcassets */; };
		263DF0B9232C7F41007635A4 /* LaunchScreen.storyboard in Resources */ = {isa = PBXBuildFile; fileRef = 263DF0B7232C7F41007635A4 /* LaunchScreen.storyboard */; };
		263DF0C1232C991E007635A4 /* PizzaView.swift in Sources */ = {isa = PBXBuildFile; fileRef = 263DF0C0232C991E007635A4 /* PizzaView.swift */; };
		263DF0C3232C994B007635A4 /* Pizza.swift in Sources */ = {isa = PBXBuildFile; fileRef = 263DF0C2232C994B007635A4 /* Pizza.swift */; };
		264C426D232CD3EE00058CE0 /* PersonList.swift in Sources */ = {isa = PBXBuildFile; fileRef = 264C426C232CD3EE00058CE0 /* PersonList.swift */; };
		264C426F232CD57D00058CE0 /* PersonListView.swift in Sources */ = {isa = PBXBuildFile; fileRef = 264C426E232CD57D00058CE0 /* PersonListView.swift */; };
		264C4271232CD87900058CE0 /* PersonDetailView.swift in Sources */ = {isa = PBXBuildFile; fileRef = 264C4270232CD87900058CE0 /* PersonDetailView.swift */; };
/* End PBXBuildFile section */

/* Begin PBXFileReference section */
		263DF0A9232C7F3E007635A4 /* DataFlow.app */ = {isa = PBXFileReference; explicitFileType = wrapper.application; includeInIndex = 0; path = DataFlow.app; sourceTree = BUILT_PRODUCTS_DIR; };
		263DF0AC232C7F3E007635A4 /* AppDelegate.swift */ = {isa = PBXFileReference; lastKnownFileType = sourcecode.swift; path = AppDelegate.swift; sourceTree = "<group>"; };
		263DF0AE232C7F3E007635A4 /* SceneDelegate.swift */ = {isa = PBXFileReference; lastKnownFileType = sourcecode.swift; path = SceneDelegate.swift; sourceTree = "<group>"; };
		263DF0B0232C7F3E007635A4 /* ContentView.swift */ = {isa = PBXFileReference; lastKnownFileType = sourcecode.swift; path = ContentView.swift; sourceTree = "<group>"; };
		263DF0B2232C7F41007635A4 /* Assets.xcassets */ = {isa = PBXFileReference; lastKnownFileType = folder.assetcatalog; path = Assets.xcassets; sourceTree = "<group>"; };
		263DF0B5232C7F41007635A4 /* Preview Assets.xcassets */ = {isa = PBXFileReference; lastKnownFileType = folder.assetcatalog; path = "Preview Assets.xcassets"; sourceTree = "<group>"; };
		263DF0B8232C7F41007635A4 /* Base */ = {isa = PBXFileReference; lastKnownFileType = file.storyboard; name = Base; path = Base.lproj/LaunchScreen.storyboard; sourceTree = "<group>"; };
		263DF0BA232C7F41007635A4 /* Info.plist */ = {isa = PBXFileReference; lastKnownFileType = text.plist.xml; path = Info.plist; sourceTree = "<group>"; };
		263DF0C0232C991E007635A4 /* PizzaView.swift */ = {isa = PBXFileReference; lastKnownFileType = sourcecode.swift; path = PizzaView.swift; sourceTree = "<group>"; };
		263DF0C2232C994B007635A4 /* Pizza.swift */ = {isa = PBXFileReference; lastKnownFileType = sourcecode.swift; path = Pizza.swift; sourceTree = "<group>"; };
		264C426C232CD3EE00058CE0 /* PersonList.swift */ = {isa = PBXFileReference; lastKnownFileType = sourcecode.swift; path = PersonList.swift; sourceTree = "<group>"; };
		264C426E232CD57D00058CE0 /* PersonListView.swift */ = {isa = PBXFileReference; lastKnownFileType = sourcecode.swift; path = PersonListView.swift; sourceTree = "<group>"; };
		264C4270232CD87900058CE0 /* PersonDetailView.swift */ = {isa = PBXFileReference; lastKnownFileType = sourcecode.swift; path = PersonDetailView.swift; sourceTree = "<group>"; };
/* End PBXFileReference section */

/* Begin PBXFrameworksBuildPhase section */
		263DF0A6232C7F3E007635A4 /* Frameworks */ = {
			isa = PBXFrameworksBuildPhase;
			buildActionMask = 2147483647;
			files = (
			);
			runOnlyForDeploymentPostprocessing = 0;
		};
/* End PBXFrameworksBuildPhase section */

/* Begin PBXGroup section */
		263DF0A0232C7F3E007635A4 = {
			isa = PBXGroup;
			children = (
				263DF0AB232C7F3E007635A4 /* DataFlow */,
				263DF0AA232C7F3E007635A4 /* Products */,
			);
			sourceTree = "<group>";
		};
		263DF0AA232C7F3E007635A4 /* Products */ = {
			isa = PBXGroup;
			children = (
				263DF0A9232C7F3E007635A4 /* DataFlow.app */,
			);
			name = Products;
			sourceTree = "<group>";
		};
		263DF0AB232C7F3E007635A4 /* DataFlow */ = {
			isa = PBXGroup;
			children = (
				263DF0AC232C7F3E007635A4 /* AppDelegate.swift */,
				263DF0AE232C7F3E007635A4 /* SceneDelegate.swift */,
				263DF0B0232C7F3E007635A4 /* ContentView.swift */,
				263DF0C0232C991E007635A4 /* PizzaView.swift */,
				263DF0C2232C994B007635A4 /* Pizza.swift */,
				264C426E232CD57D00058CE0 /* PersonListView.swift */,
				264C4270232CD87900058CE0 /* PersonDetailView.swift */,
				264C426C232CD3EE00058CE0 /* PersonList.swift */,
				263DF0B2232C7F41007635A4 /* Assets.xcassets */,
				263DF0B7232C7F41007635A4 /* LaunchScreen.storyboard */,
				263DF0BA232C7F41007635A4 /* Info.plist */,
				263DF0B4232C7F41007635A4 /* Preview Content */,
			);
			path = DataFlow;
			sourceTree = "<group>";
		};
		263DF0B4232C7F41007635A4 /* Preview Content */ = {
			isa = PBXGroup;
			children = (
				263DF0B5232C7F41007635A4 /* Preview Assets.xcassets */,
			);
			path = "Preview Content";
			sourceTree = "<group>";
		};
/* End PBXGroup section */

/* Begin PBXNativeTarget section */
		263DF0A8232C7F3E007635A4 /* DataFlow */ = {
			isa = PBXNativeTarget;
			buildConfigurationList = 263DF0BD232C7F41007635A4 /* Build configuration list for PBXNativeTarget "DataFlow" */;
			buildPhases = (
				263DF0A5232C7F3E007635A4 /* Sources */,
				263DF0A6232C7F3E007635A4 /* Frameworks */,
				263DF0A7232C7F3E007635A4 /* Resources */,
			);
			buildRules = (
			);
			dependencies = (
			);
			name = DataFlow;
			productName = DataFlow;
			productReference = 263DF0A9232C7F3E007635A4 /* DataFlow.app */;
			productType = "com.apple.product-type.application";
		};
/* End PBXNativeTarget section */

/* Begin PBXProject section */
		263DF0A1232C7F3E007635A4 /* Project object */ = {
			isa = PBXProject;
			attributes = {
				LastSwiftUpdateCheck = 1100;
				LastUpgradeCheck = 1100;
				ORGANIZATIONNAME = TrozWare;
				TargetAttributes = {
					263DF0A8232C7F3E007635A4 = {
						CreatedOnToolsVersion = 11.0;
					};
				};
			};
			buildConfigurationList = 263DF0A4232C7F3E007635A4 /* Build configuration list for PBXProject "DataFlow" */;
			compatibilityVersion = "Xcode 9.3";
			developmentRegion = en;
			hasScannedForEncodings = 0;
			knownRegions = (
				en,
				Base,
			);
			mainGroup = 263DF0A0232C7F3E007635A4;
			productRefGroup = 263DF0AA232C7F3E007635A4 /* Products */;
			projectDirPath = "";
			projectRoot = "";
			targets = (
				263DF0A8232C7F3E007635A4 /* DataFlow */,
			);
		};
/* End PBXProject section */

/* Begin PBXResourcesBuildPhase section */
		263DF0A7232C7F3E007635A4 /* Resources */ = {
			isa = PBXResourcesBuildPhase;
			buildActionMask = 2147483647;
			files = (
				263DF0B9232C7F41007635A4 /* LaunchScreen.storyboard in Resources */,
				263DF0B6232C7F41007635A4 /* Preview Assets.xcassets in Resources */,
				263DF0B3232C7F41007635A4 /* Assets.xcassets in Resources */,
			);
			runOnlyForDeploymentPostprocessing = 0;
		};
/* End PBXResourcesBuildPhase section */

/* Begin PBXSourcesBuildPhase section */
		263DF0A5232C7F3E007635A4 /* Sources */ = {
			isa = PBXSourcesBuildPhase;
			buildActionMask = 2147483647;
			files = (
				264C426D232CD3EE00058CE0 /* PersonList.swift in Sources */,
				263DF0AD232C7F3E007635A4 /* AppDelegate.swift in Sources */,
				264C426F232CD57D00058CE0 /* PersonListView.swift in Sources */,
				263DF0AF232C7F3E007635A4 /* SceneDelegate.swift in Sources */,
				263DF0B1232C7F3E007635A4 /* ContentView.swift in Sources */,
				263DF0C3232C994B007635A4 /* Pizza.swift in Sources */,
				264C4271232CD87900058CE0 /* PersonDetailView.swift in Sources */,
				263DF0C1232C991E007635A4 /* PizzaView.swift in Sources */,
			);
			runOnlyForDeploymentPostprocessing = 0;
		};
/* End PBXSourcesBuildPhase section */

/* Begin PBXVariantGroup section */
		263DF0B7232C7F41007635A4 /* LaunchScreen.storyboard */ = {
			isa = PBXVariantGroup;
			children = (
				263DF0B8232C7F41007635A4 /* Base */,
			);
			name = LaunchScreen.storyboard;
			sourceTree = "<group>";
		};
/* End PBXVariantGroup section */

/* Begin XCBuildConfiguration section */
		263DF0BB232C7F41007635A4 /* Debug */ = {
			isa = XCBuildConfiguration;
			buildSettings = {
				ALWAYS_SEARCH_USER_PATHS = NO;
				CLANG_ANALYZER_NONNULL = YES;
				CLANG_ANALYZER_NUMBER_OBJECT_CONVERSION = YES_AGGRESSIVE;
				CLANG_CXX_LANGUAGE_STANDARD = "gnu++14";
				CLANG_CXX_LIBRARY = "libc++";
				CLANG_ENABLE_MODULES = YES;
				CLANG_ENABLE_OBJC_ARC = YES;
				CLANG_ENABLE_OBJC_WEAK = YES;
				CLANG_WARN_BLOCK_CAPTURE_AUTORELEASING = YES;
				CLANG_WARN_BOOL_CONVERSION = YES;
				CLANG_WARN_COMMA = YES;
				CLANG_WARN_CONSTANT_CONVERSION = YES;
				CLANG_WARN_DEPRECATED_OBJC_IMPLEMENTATIONS = YES;
				CLANG_WARN_DIRECT_OBJC_ISA_USAGE = YES_ERROR;
				CLANG_WARN_DOCUMENTATION_COMMENTS = YES;
				CLANG_WARN_EMPTY_BODY = YES;
				CLANG_WARN_ENUM_CONVERSION = YES;
				CLANG_WARN_INFINITE_RECURSION = YES;
				CLANG_WARN_INT_CONVERSION = YES;
				CLANG_WARN_NON_LITERAL_NULL_CONVERSION = YES;
				CLANG_WARN_OBJC_IMPLICIT_RETAIN_SELF = YES;
				CLANG_WARN_OBJC_LITERAL_CONVERSION = YES;
				CLANG_WARN_OBJC_ROOT_CLASS = YES_ERROR;
				CLANG_WARN_RANGE_LOOP_ANALYSIS = YES;
				CLANG_WARN_STRICT_PROTOTYPES = YES;
				CLANG_WARN_SUSPICIOUS_MOVE = YES;
				CLANG_WARN_UNGUARDED_AVAILABILITY = YES_AGGRESSIVE;
				CLANG_WARN_UNREACHABLE_CODE = YES;
				CLANG_WARN__DUPLICATE_METHOD_MATCH = YES;
				COPY_PHASE_STRIP = NO;
				DEBUG_INFORMATION_FORMAT = dwarf;
				ENABLE_STRICT_OBJC_MSGSEND = YES;
				ENABLE_TESTABILITY = YES;
				GCC_C_LANGUAGE_STANDARD = gnu11;
				GCC_DYNAMIC_NO_PIC = NO;
				GCC_NO_COMMON_BLOCKS = YES;
				GCC_OPTIMIZATION_LEVEL = 0;
				GCC_PREPROCESSOR_DEFINITIONS = (
					"DEBUG=1",
					"$(inherited)",
				);
				GCC_WARN_64_TO_32_BIT_CONVERSION = YES;
				GCC_WARN_ABOUT_RETURN_TYPE = YES_ERROR;
				GCC_WARN_UNDECLARED_SELECTOR = YES;
				GCC_WARN_UNINITIALIZED_AUTOS = YES_AGGRESSIVE;
				GCC_WARN_UNUSED_FUNCTION = YES;
				GCC_WARN_UNUSED_VARIABLE = YES;
				IPHONEOS_DEPLOYMENT_TARGET = 13.0;
				MTL_ENABLE_DEBUG_INFO = INCLUDE_SOURCE;
				MTL_FAST_MATH = YES;
				ONLY_ACTIVE_ARCH = YES;
				SDKROOT = iphoneos;
				SWIFT_ACTIVE_COMPILATION_CONDITIONS = DEBUG;
				SWIFT_OPTIMIZATION_LEVEL = "-Onone";
			};
			name = Debug;
		};
		263DF0BC232C7F41007635A4 /* Release */ = {
			isa = XCBuildConfiguration;
			buildSettings = {
				ALWAYS_SEARCH_USER_PATHS = NO;
				CLANG_ANALYZER_NONNULL = YES;
				CLANG_ANALYZER_NUMBER_OBJECT_CONVERSION = YES_AGGRESSIVE;
				CLANG_CXX_LANGUAGE_STANDARD = "gnu++14";
				CLANG_CXX_LIBRARY = "libc++";
				CLANG_ENABLE_MODULES = YES;
				CLANG_ENABLE_OBJC_ARC = YES;
				CLANG_ENABLE_OBJC_WEAK = YES;
				CLANG_WARN_BLOCK_CAPTURE_AUTORELEASING = YES;
				CLANG_WARN_BOOL_CONVERSION = YES;
				CLANG_WARN_COMMA = YES;
				CLANG_WARN_CONSTANT_CONVERSION = YES;
				CLANG_WARN_DEPRECATED_OBJC_IMPLEMENTATIONS = YES;
				CLANG_WARN_DIRECT_OBJC_ISA_USAGE = YES_ERROR;
				CLANG_WARN_DOCUMENTATION_COMMENTS = YES;
				CLANG_WARN_EMPTY_BODY = YES;
				CLANG_WARN_ENUM_CONVERSION = YES;
				CLANG_WARN_INFINITE_RECURSION = YES;
				CLANG_WARN_INT_CONVERSION = YES;
				CLANG_WARN_NON_LITERAL_NULL_CONVERSION = YES;
				CLANG_WARN_OBJC_IMPLICIT_RETAIN_SELF = YES;
				CLANG_WARN_OBJC_LITERAL_CONVERSION = YES;
				CLANG_WARN_OBJC_ROOT_CLASS = YES_ERROR;
				CLANG_WARN_RANGE_LOOP_ANALYSIS = YES;
				CLANG_WARN_STRICT_PROTOTYPES = YES;
				CLANG_WARN_SUSPICIOUS_MOVE = YES;
				CLANG_WARN_UNGUARDED_AVAILABILITY = YES_AGGRESSIVE;
				CLANG_WARN_UNREACHABLE_CODE = YES;
				CLANG_WARN__DUPLICATE_METHOD_MATCH = YES;
				COPY_PHASE_STRIP = NO;
				DEBUG_INFORMATION_FORMAT = "dwarf-with-dsym";
				ENABLE_NS_ASSERTIONS = NO;
				ENABLE_STRICT_OBJC_MSGSEND = YES;
				GCC_C_LANGUAGE_STANDARD = gnu11;
				GCC_NO_COMMON_BLOCKS = YES;
				GCC_WARN_64_TO_32_BIT_CONVERSION = YES;
				GCC_WARN_ABOUT_RETURN_TYPE = YES_ERROR;
				GCC_WARN_UNDECLARED_SELECTOR = YES;
				GCC_WARN_UNINITIALIZED_AUTOS = YES_AGGRESSIVE;
				GCC_WARN_UNUSED_FUNCTION = YES;
				GCC_WARN_UNUSED_VARIABLE = YES;
				IPHONEOS_DEPLOYMENT_TARGET = 13.0;
				MTL_ENABLE_DEBUG_INFO = NO;
				MTL_FAST_MATH = YES;
				SDKROOT = iphoneos;
				SWIFT_COMPILATION_MODE = wholemodule;
				SWIFT_OPTIMIZATION_LEVEL = "-O";
				VALIDATE_PRODUCT = YES;
			};
			name = Release;
		};
		263DF0BE232C7F41007635A4 /* Debug */ = {
			isa = XCBuildConfiguration;
			buildSettings = {
				ASSETCATALOG_COMPILER_APPICON_NAME = AppIcon;
				CODE_SIGN_STYLE = Automatic;
				DEVELOPMENT_ASSET_PATHS = "\"DataFlow/Preview Content\"";
				DEVELOPMENT_TEAM = TC28MCLCFA;
				ENABLE_PREVIEWS = YES;
				INFOPLIST_FILE = DataFlow/Info.plist;
				LD_RUNPATH_SEARCH_PATHS = (
					"$(inherited)",
					"@executable_path/Frameworks",
				);
				PRODUCT_BUNDLE_IDENTIFIER = net.troz.DataFlow;
				PRODUCT_NAME = "$(TARGET_NAME)";
				SWIFT_VERSION = 5.0;
				TARGETED_DEVICE_FAMILY = "1,2";
			};
			name = Debug;
		};
		263DF0BF232C7F41007635A4 /* Release */ = {
			isa = XCBuildConfiguration;
			buildSettings = {
				ASSETCATALOG_COMPILER_APPICON_NAME = AppIcon;
				CODE_SIGN_STYLE = Automatic;
				DEVELOPMENT_ASSET_PATHS = "\"DataFlow/Preview Content\"";
				DEVELOPMENT_TEAM = TC28MCLCFA;
				ENABLE_PREVIEWS = YES;
				INFOPLIST_FILE = DataFlow/Info.plist;
				LD_RUNPATH_SEARCH_PATHS = (
					"$(inherited)",
					"@executable_path/Frameworks",
				);
				PRODUCT_BUNDLE_IDENTIFIER = net.troz.DataFlow;
				PRODUCT_NAME = "$(TARGET_NAME)";
				SWIFT_VERSION = 5.0;
				TARGETED_DEVICE_FAMILY = "1,2";
			};
			name = Release;
		};
/* End XCBuildConfiguration section */

/* Begin XCConfigurationList section */
		263DF0A4232C7F3E007635A4 /* Build configuration list for PBXProject "DataFlow" */ = {
			isa = XCConfigurationList;
			buildConfigurations = (
				263DF0BB232C7F41007635A4 /* Debug */,
				263DF0BC232C7F41007635A4 /* Release */,
			);
			defaultConfigurationIsVisible = 0;
			defaultConfigurationName = Release;
		};
		263DF0BD232C7F41007635A4 /* Build configuration list for PBXNativeTarget "DataFlow" */ = {
			isa = XCConfigurationList;
			buildConfigurations = (
				263DF0BE232C7F41007635A4 /* Debug */,
				263DF0BF232C7F41007635A4 /* Release */,
			);
			defaultConfigurationIsVisible = 0;
			defaultConfigurationName = Release;
		};
/* End XCConfigurationList section */
	};
	rootObject = 263DF0A1232C7F3E007635A4 /* Project object */;
}
